// !$*UTF8*$!
{
	archiveVersion = 1;
	classes = {
	};
	objectVersion = 46;
	objects = {

/* Begin PBXBuildFile section */
		181D82E91E67D5F200D756AC /* main.m in Sources */ = {isa = PBXBuildFile; fileRef = 181D82E81E67D5F200D756AC /* main.m */; };
		181D82EC1E67D5F200D756AC /* AppDelegate.m in Sources */ = {isa = PBXBuildFile; fileRef = 181D82EB1E67D5F200D756AC /* AppDelegate.m */; };
		181D82EF1E67D5F200D756AC /* ViewController.m in Sources */ = {isa = PBXBuildFile; fileRef = 181D82EE1E67D5F200D756AC /* ViewController.m */; };
		181D82F21E67D5F200D756AC /* Main.storyboard in Resources */ = {isa = PBXBuildFile; fileRef = 181D82F01E67D5F200D756AC /* Main.storyboard */; };
		181D82F41E67D5F200D756AC /* Assets.xcassets in Resources */ = {isa = PBXBuildFile; fileRef = 181D82F31E67D5F200D756AC /* Assets.xcassets */; };
		181D82F71E67D5F200D756AC /* LaunchScreen.storyboard in Resources */ = {isa = PBXBuildFile; fileRef = 181D82F51E67D5F200D756AC /* LaunchScreen.storyboard */; };
		181D83021E67D5F200D756AC /* TRZXProjectDetailTests.m in Sources */ = {isa = PBXBuildFile; fileRef = 181D83011E67D5F200D756AC /* TRZXProjectDetailTests.m */; };
		181D830D1E67D5F200D756AC /* TRZXProjectDetailUITests.m in Sources */ = {isa = PBXBuildFile; fileRef = 181D830C1E67D5F200D756AC /* TRZXProjectDetailUITests.m */; };
		6D5999AE1E67E50D00DCA317 /* Target_TRZXProjectDetail.m in Sources */ = {isa = PBXBuildFile; fileRef = 6D5999A81E67E50D00DCA317 /* Target_TRZXProjectDetail.m */; };
		6D5999AF1E67E50D00DCA317 /* TRZXProjectDetailViewController.m in Sources */ = {isa = PBXBuildFile; fileRef = 6D5999AB1E67E50D00DCA317 /* TRZXProjectDetailViewController.m */; };
		6D738D8D1E67F67300A20990 /* TRZXProjectDetailModel.m in Sources */ = {isa = PBXBuildFile; fileRef = 6D738D8C1E67F67300A20990 /* TRZXProjectDetailModel.m */; };
		6D738D901E67FD9400A20990 /* TRZXProjectDetailDataModel.m in Sources */ = {isa = PBXBuildFile; fileRef = 6D738D8F1E67FD9400A20990 /* TRZXProjectDetailDataModel.m */; };
		6D738D991E68265700A20990 /* TRZXProjectDetailNavigationBar.m in Sources */ = {isa = PBXBuildFile; fileRef = 6D738D981E68265700A20990 /* TRZXProjectDetailNavigationBar.m */; };
		6D738DA11E68364400A20990 /* Icon_ProjectDetail_Back_Normal.png in Resources */ = {isa = PBXBuildFile; fileRef = 6D738D9F1E68364400A20990 /* Icon_ProjectDetail_Back_Normal.png */; };
		6D738DA21E68364400A20990 /* Icon_ProjectDetail_Back_Selected.png in Resources */ = {isa = PBXBuildFile; fileRef = 6D738DA01E68364400A20990 /* Icon_ProjectDetail_Back_Selected.png */; };
		6D738DA51E684BFC00A20990 /* Icon_ProjectDetail_Share_Selected.png in Resources */ = {isa = PBXBuildFile; fileRef = 6D738DA31E684BFC00A20990 /* Icon_ProjectDetail_Share_Selected.png */; };
		6D738DA61E684BFC00A20990 /* Icon_ProjectDetail_Share_Normal.png in Resources */ = {isa = PBXBuildFile; fileRef = 6D738DA41E684BFC00A20990 /* Icon_ProjectDetail_Share_Normal.png */; };
		6D738DB41E6879C000A20990 /* Icon_ProjectDetail_Collection_Selected.png in Resources */ = {isa = PBXBuildFile; fileRef = 6D738DB11E6879C000A20990 /* Icon_ProjectDetail_Collection_Selected.png */; };
		6D738DB51E6879C000A20990 /* Icon_ProjectDetail_Collection_Normal_White.png in Resources */ = {isa = PBXBuildFile; fileRef = 6D738DB21E6879C000A20990 /* Icon_ProjectDetail_Collection_Normal_White.png */; };
		6D738DB61E6879C000A20990 /* Icon_ProjectDetail_Collection_Normal_Gray.png in Resources */ = {isa = PBXBuildFile; fileRef = 6D738DB31E6879C000A20990 /* Icon_ProjectDetail_Collection_Normal_Gray.png */; };
		6D738DB91E6901B900A20990 /* TRZXProjectDetailTableViewHeaderView.m in Sources */ = {isa = PBXBuildFile; fileRef = 6D738DB81E6901B900A20990 /* TRZXProjectDetailTableViewHeaderView.m */; };
		6D738DBC1E69050E00A20990 /* testIcon_backGroundImage.png in Resources */ = {isa = PBXBuildFile; fileRef = 6D738DBB1E69050E00A20990 /* testIcon_backGroundImage.png */; };
		6D738DC21E69276D00A20990 /* TRZXProjectDetailOnlyTextTableViewCell.m in Sources */ = {isa = PBXBuildFile; fileRef = 6D738DC11E69276D00A20990 /* TRZXProjectDetailOnlyTextTableViewCell.m */; };
		6D738DC51E692F9700A20990 /* TRZXProjectDetailViewModel.m in Sources */ = {isa = PBXBuildFile; fileRef = 6D738DC41E692F9700A20990 /* TRZXProjectDetailViewModel.m */; };
		6D738DC81E6948D800A20990 /* TRZXProjectDetailLeftTitleRightInfoTableViewCell.m in Sources */ = {isa = PBXBuildFile; fileRef = 6D738DC71E6948D800A20990 /* TRZXProjectDetailLeftTitleRightInfoTableViewCell.m */; };
		6DD7E4BD1E69661300A45063 /* TRZXProjectDetailFinancingInfoTableViewCell.m in Sources */ = {isa = PBXBuildFile; fileRef = 6DD7E4BC1E69661300A45063 /* TRZXProjectDetailFinancingInfoTableViewCell.m */; };
		6DD7E4BF1E69771200A45063 /* Icon_ProjectDetail_ProjectHistory_RedDot.png in Resources */ = {isa = PBXBuildFile; fileRef = 6DD7E4BE1E69771200A45063 /* Icon_ProjectDetail_ProjectHistory_RedDot.png */; };
		6DD7E4C21E69778300A45063 /* TRZXProjectDetailProjectHistoryTableViewCell.m in Sources */ = {isa = PBXBuildFile; fileRef = 6DD7E4C11E69778300A45063 /* TRZXProjectDetailProjectHistoryTableViewCell.m */; };
		6DD7E4C51E698B3000A45063 /* TRZXProjectDetailTeamTableViewCell.m in Sources */ = {isa = PBXBuildFile; fileRef = 6DD7E4C41E698B3000A45063 /* TRZXProjectDetailTeamTableViewCell.m */; };
		6DD7E4C81E6A37FE00A45063 /* TRZXCellConfig.m in Sources */ = {isa = PBXBuildFile; fileRef = 6DD7E4C71E6A37FE00A45063 /* TRZXCellConfig.m */; };
		6DD7E4CB1E6A94EF00A45063 /* TRZXProjectDetailCommentTableViewCell.m in Sources */ = {isa = PBXBuildFile; fileRef = 6DD7E4CA1E6A94EF00A45063 /* TRZXProjectDetailCommentTableViewCell.m */; };
		6DD7E4CE1E6AB54300A45063 /* TRZXProjectDeatilCommentOfOneView.m in Sources */ = {isa = PBXBuildFile; fileRef = 6DD7E4CD1E6AB54300A45063 /* TRZXProjectDeatilCommentOfOneView.m */; };
		6DD7E4D11E6AE92100A45063 /* TRZXProjectDetailCommendTableViewCell.m in Sources */ = {isa = PBXBuildFile; fileRef = 6DD7E4D01E6AE92100A45063 /* TRZXProjectDetailCommendTableViewCell.m */; };
		E84157524E9410D3848DBC29 /* libPods-TRZXProjectDetail.a in Frameworks */ = {isa = PBXBuildFile; fileRef = 68AD18CB5541FE9EE992CA94 /* libPods-TRZXProjectDetail.a */; };
/* End PBXBuildFile section */

/* Begin PBXContainerItemProxy section */
		181D82FE1E67D5F200D756AC /* PBXContainerItemProxy */ = {
			isa = PBXContainerItemProxy;
			containerPortal = 181D82DC1E67D5F200D756AC /* Project object */;
			proxyType = 1;
			remoteGlobalIDString = 181D82E31E67D5F200D756AC;
			remoteInfo = TRZXProjectDetail;
		};
		181D83091E67D5F200D756AC /* PBXContainerItemProxy */ = {
			isa = PBXContainerItemProxy;
			containerPortal = 181D82DC1E67D5F200D756AC /* Project object */;
			proxyType = 1;
			remoteGlobalIDString = 181D82E31E67D5F200D756AC;
			remoteInfo = TRZXProjectDetail;
		};
/* End PBXContainerItemProxy section */

/* Begin PBXFileReference section */
		181D82E41E67D5F200D756AC /* TRZXProjectDetail.app */ = {isa = PBXFileReference; explicitFileType = wrapper.application; includeInIndex = 0; path = TRZXProjectDetail.app; sourceTree = BUILT_PRODUCTS_DIR; };
		181D82E81E67D5F200D756AC /* main.m */ = {isa = PBXFileReference; lastKnownFileType = sourcecode.c.objc; path = main.m; sourceTree = "<group>"; };
		181D82EA1E67D5F200D756AC /* AppDelegate.h */ = {isa = PBXFileReference; lastKnownFileType = sourcecode.c.h; path = AppDelegate.h; sourceTree = "<group>"; };
		181D82EB1E67D5F200D756AC /* AppDelegate.m */ = {isa = PBXFileReference; lastKnownFileType = sourcecode.c.objc; path = AppDelegate.m; sourceTree = "<group>"; };
		181D82ED1E67D5F200D756AC /* ViewController.h */ = {isa = PBXFileReference; lastKnownFileType = sourcecode.c.h; path = ViewController.h; sourceTree = "<group>"; };
		181D82EE1E67D5F200D756AC /* ViewController.m */ = {isa = PBXFileReference; lastKnownFileType = sourcecode.c.objc; path = ViewController.m; sourceTree = "<group>"; };
		181D82F11E67D5F200D756AC /* Base */ = {isa = PBXFileReference; lastKnownFileType = file.storyboard; name = Base; path = Base.lproj/Main.storyboard; sourceTree = "<group>"; };
		181D82F31E67D5F200D756AC /* Assets.xcassets */ = {isa = PBXFileReference; lastKnownFileType = folder.assetcatalog; path = Assets.xcassets; sourceTree = "<group>"; };
		181D82F61E67D5F200D756AC /* Base */ = {isa = PBXFileReference; lastKnownFileType = file.storyboard; name = Base; path = Base.lproj/LaunchScreen.storyboard; sourceTree = "<group>"; };
		181D82F81E67D5F200D756AC /* Info.plist */ = {isa = PBXFileReference; lastKnownFileType = text.plist.xml; path = Info.plist; sourceTree = "<group>"; };
		181D82FD1E67D5F200D756AC /* TRZXProjectDetailTests.xctest */ = {isa = PBXFileReference; explicitFileType = wrapper.cfbundle; includeInIndex = 0; path = TRZXProjectDetailTests.xctest; sourceTree = BUILT_PRODUCTS_DIR; };
		181D83011E67D5F200D756AC /* TRZXProjectDetailTests.m */ = {isa = PBXFileReference; lastKnownFileType = sourcecode.c.objc; path = TRZXProjectDetailTests.m; sourceTree = "<group>"; };
		181D83031E67D5F200D756AC /* Info.plist */ = {isa = PBXFileReference; lastKnownFileType = text.plist.xml; path = Info.plist; sourceTree = "<group>"; };
		181D83081E67D5F200D756AC /* TRZXProjectDetailUITests.xctest */ = {isa = PBXFileReference; explicitFileType = wrapper.cfbundle; includeInIndex = 0; path = TRZXProjectDetailUITests.xctest; sourceTree = BUILT_PRODUCTS_DIR; };
		181D830C1E67D5F200D756AC /* TRZXProjectDetailUITests.m */ = {isa = PBXFileReference; lastKnownFileType = sourcecode.c.objc; path = TRZXProjectDetailUITests.m; sourceTree = "<group>"; };
		181D830E1E67D5F200D756AC /* Info.plist */ = {isa = PBXFileReference; lastKnownFileType = text.plist.xml; path = Info.plist; sourceTree = "<group>"; };
		68AD18CB5541FE9EE992CA94 /* libPods-TRZXProjectDetail.a */ = {isa = PBXFileReference; explicitFileType = archive.ar; includeInIndex = 0; path = "libPods-TRZXProjectDetail.a"; sourceTree = BUILT_PRODUCTS_DIR; };
		6D5999A71E67E50D00DCA317 /* Target_TRZXProjectDetail.h */ = {isa = PBXFileReference; fileEncoding = 4; lastKnownFileType = sourcecode.c.h; path = Target_TRZXProjectDetail.h; sourceTree = "<group>"; };
		6D5999A81E67E50D00DCA317 /* Target_TRZXProjectDetail.m */ = {isa = PBXFileReference; fileEncoding = 4; lastKnownFileType = sourcecode.c.objc; path = Target_TRZXProjectDetail.m; sourceTree = "<group>"; };
		6D5999AA1E67E50D00DCA317 /* TRZXProjectDetailViewController.h */ = {isa = PBXFileReference; fileEncoding = 4; lastKnownFileType = sourcecode.c.h; path = TRZXProjectDetailViewController.h; sourceTree = "<group>"; };
		6D5999AB1E67E50D00DCA317 /* TRZXProjectDetailViewController.m */ = {isa = PBXFileReference; fileEncoding = 4; lastKnownFileType = sourcecode.c.objc; path = TRZXProjectDetailViewController.m; sourceTree = "<group>"; };
		6D738D8B1E67F67300A20990 /* TRZXProjectDetailModel.h */ = {isa = PBXFileReference; fileEncoding = 4; lastKnownFileType = sourcecode.c.h; path = TRZXProjectDetailModel.h; sourceTree = "<group>"; };
		6D738D8C1E67F67300A20990 /* TRZXProjectDetailModel.m */ = {isa = PBXFileReference; fileEncoding = 4; lastKnownFileType = sourcecode.c.objc; path = TRZXProjectDetailModel.m; sourceTree = "<group>"; };
		6D738D8E1E67FD9400A20990 /* TRZXProjectDetailDataModel.h */ = {isa = PBXFileReference; fileEncoding = 4; lastKnownFileType = sourcecode.c.h; path = TRZXProjectDetailDataModel.h; sourceTree = "<group>"; };
		6D738D8F1E67FD9400A20990 /* TRZXProjectDetailDataModel.m */ = {isa = PBXFileReference; fileEncoding = 4; lastKnownFileType = sourcecode.c.objc; path = TRZXProjectDetailDataModel.m; sourceTree = "<group>"; };
		6D738D971E68265700A20990 /* TRZXProjectDetailNavigationBar.h */ = {isa = PBXFileReference; fileEncoding = 4; lastKnownFileType = sourcecode.c.h; path = TRZXProjectDetailNavigationBar.h; sourceTree = "<group>"; };
		6D738D981E68265700A20990 /* TRZXProjectDetailNavigationBar.m */ = {isa = PBXFileReference; fileEncoding = 4; lastKnownFileType = sourcecode.c.objc; path = TRZXProjectDetailNavigationBar.m; sourceTree = "<group>"; };
		6D738D9F1E68364400A20990 /* Icon_ProjectDetail_Back_Normal.png */ = {isa = PBXFileReference; lastKnownFileType = image.png; path = Icon_ProjectDetail_Back_Normal.png; sourceTree = "<group>"; };
		6D738DA01E68364400A20990 /* Icon_ProjectDetail_Back_Selected.png */ = {isa = PBXFileReference; lastKnownFileType = image.png; path = Icon_ProjectDetail_Back_Selected.png; sourceTree = "<group>"; };
		6D738DA31E684BFC00A20990 /* Icon_ProjectDetail_Share_Selected.png */ = {isa = PBXFileReference; lastKnownFileType = image.png; path = Icon_ProjectDetail_Share_Selected.png; sourceTree = "<group>"; };
		6D738DA41E684BFC00A20990 /* Icon_ProjectDetail_Share_Normal.png */ = {isa = PBXFileReference; lastKnownFileType = image.png; path = Icon_ProjectDetail_Share_Normal.png; sourceTree = "<group>"; };
		6D738DB11E6879C000A20990 /* Icon_ProjectDetail_Collection_Selected.png */ = {isa = PBXFileReference; lastKnownFileType = image.png; path = Icon_ProjectDetail_Collection_Selected.png; sourceTree = "<group>"; };
		6D738DB21E6879C000A20990 /* Icon_ProjectDetail_Collection_Normal_White.png */ = {isa = PBXFileReference; lastKnownFileType = image.png; path = Icon_ProjectDetail_Collection_Normal_White.png; sourceTree = "<group>"; };
		6D738DB31E6879C000A20990 /* Icon_ProjectDetail_Collection_Normal_Gray.png */ = {isa = PBXFileReference; lastKnownFileType = image.png; path = Icon_ProjectDetail_Collection_Normal_Gray.png; sourceTree = "<group>"; };
		6D738DB71E6901B900A20990 /* TRZXProjectDetailTableViewHeaderView.h */ = {isa = PBXFileReference; fileEncoding = 4; lastKnownFileType = sourcecode.c.h; path = TRZXProjectDetailTableViewHeaderView.h; sourceTree = "<group>"; };
		6D738DB81E6901B900A20990 /* TRZXProjectDetailTableViewHeaderView.m */ = {isa = PBXFileReference; fileEncoding = 4; lastKnownFileType = sourcecode.c.objc; path = TRZXProjectDetailTableViewHeaderView.m; sourceTree = "<group>"; };
		6D738DBA1E69033C00A20990 /* TRZXProjectDetailMacro.h */ = {isa = PBXFileReference; lastKnownFileType = sourcecode.c.h; path = TRZXProjectDetailMacro.h; sourceTree = "<group>"; };
		6D738DBB1E69050E00A20990 /* testIcon_backGroundImage.png */ = {isa = PBXFileReference; lastKnownFileType = image.png; path = testIcon_backGroundImage.png; sourceTree = "<group>"; };
		6D738DC01E69276D00A20990 /* TRZXProjectDetailOnlyTextTableViewCell.h */ = {isa = PBXFileReference; fileEncoding = 4; lastKnownFileType = sourcecode.c.h; path = TRZXProjectDetailOnlyTextTableViewCell.h; sourceTree = "<group>"; };
		6D738DC11E69276D00A20990 /* TRZXProjectDetailOnlyTextTableViewCell.m */ = {isa = PBXFileReference; fileEncoding = 4; lastKnownFileType = sourcecode.c.objc; path = TRZXProjectDetailOnlyTextTableViewCell.m; sourceTree = "<group>"; };
		6D738DC31E692F9700A20990 /* TRZXProjectDetailViewModel.h */ = {isa = PBXFileReference; fileEncoding = 4; lastKnownFileType = sourcecode.c.h; path = TRZXProjectDetailViewModel.h; sourceTree = "<group>"; };
		6D738DC41E692F9700A20990 /* TRZXProjectDetailViewModel.m */ = {isa = PBXFileReference; fileEncoding = 4; lastKnownFileType = sourcecode.c.objc; path = TRZXProjectDetailViewModel.m; sourceTree = "<group>"; };
		6D738DC61E6948D800A20990 /* TRZXProjectDetailLeftTitleRightInfoTableViewCell.h */ = {isa = PBXFileReference; fileEncoding = 4; lastKnownFileType = sourcecode.c.h; path = TRZXProjectDetailLeftTitleRightInfoTableViewCell.h; sourceTree = "<group>"; };
		6D738DC71E6948D800A20990 /* TRZXProjectDetailLeftTitleRightInfoTableViewCell.m */ = {isa = PBXFileReference; fileEncoding = 4; lastKnownFileType = sourcecode.c.objc; path = TRZXProjectDetailLeftTitleRightInfoTableViewCell.m; sourceTree = "<group>"; };
		6DD7E4BB1E69661300A45063 /* TRZXProjectDetailFinancingInfoTableViewCell.h */ = {isa = PBXFileReference; fileEncoding = 4; lastKnownFileType = sourcecode.c.h; path = TRZXProjectDetailFinancingInfoTableViewCell.h; sourceTree = "<group>"; };
		6DD7E4BC1E69661300A45063 /* TRZXProjectDetailFinancingInfoTableViewCell.m */ = {isa = PBXFileReference; fileEncoding = 4; lastKnownFileType = sourcecode.c.objc; path = TRZXProjectDetailFinancingInfoTableViewCell.m; sourceTree = "<group>"; };
		6DD7E4BE1E69771200A45063 /* Icon_ProjectDetail_ProjectHistory_RedDot.png */ = {isa = PBXFileReference; lastKnownFileType = image.png; path = Icon_ProjectDetail_ProjectHistory_RedDot.png; sourceTree = "<group>"; };
		6DD7E4C01E69778300A45063 /* TRZXProjectDetailProjectHistoryTableViewCell.h */ = {isa = PBXFileReference; fileEncoding = 4; lastKnownFileType = sourcecode.c.h; path = TRZXProjectDetailProjectHistoryTableViewCell.h; sourceTree = "<group>"; };
		6DD7E4C11E69778300A45063 /* TRZXProjectDetailProjectHistoryTableViewCell.m */ = {isa = PBXFileReference; fileEncoding = 4; lastKnownFileType = sourcecode.c.objc; path = TRZXProjectDetailProjectHistoryTableViewCell.m; sourceTree = "<group>"; };
		6DD7E4C31E698B3000A45063 /* TRZXProjectDetailTeamTableViewCell.h */ = {isa = PBXFileReference; fileEncoding = 4; lastKnownFileType = sourcecode.c.h; path = TRZXProjectDetailTeamTableViewCell.h; sourceTree = "<group>"; };
		6DD7E4C41E698B3000A45063 /* TRZXProjectDetailTeamTableViewCell.m */ = {isa = PBXFileReference; fileEncoding = 4; lastKnownFileType = sourcecode.c.objc; path = TRZXProjectDetailTeamTableViewCell.m; sourceTree = "<group>"; };
		6DD7E4C61E6A37FE00A45063 /* TRZXCellConfig.h */ = {isa = PBXFileReference; fileEncoding = 4; lastKnownFileType = sourcecode.c.h; path = TRZXCellConfig.h; sourceTree = "<group>"; };
		6DD7E4C71E6A37FE00A45063 /* TRZXCellConfig.m */ = {isa = PBXFileReference; fileEncoding = 4; lastKnownFileType = sourcecode.c.objc; path = TRZXCellConfig.m; sourceTree = "<group>"; };
		6DD7E4C91E6A94EF00A45063 /* TRZXProjectDetailCommentTableViewCell.h */ = {isa = PBXFileReference; fileEncoding = 4; lastKnownFileType = sourcecode.c.h; path = TRZXProjectDetailCommentTableViewCell.h; sourceTree = "<group>"; };
		6DD7E4CA1E6A94EF00A45063 /* TRZXProjectDetailCommentTableViewCell.m */ = {isa = PBXFileReference; fileEncoding = 4; lastKnownFileType = sourcecode.c.objc; path = TRZXProjectDetailCommentTableViewCell.m; sourceTree = "<group>"; };
		6DD7E4CC1E6AB54300A45063 /* TRZXProjectDeatilCommentOfOneView.h */ = {isa = PBXFileReference; fileEncoding = 4; lastKnownFileType = sourcecode.c.h; path = TRZXProjectDeatilCommentOfOneView.h; sourceTree = "<group>"; };
		6DD7E4CD1E6AB54300A45063 /* TRZXProjectDeatilCommentOfOneView.m */ = {isa = PBXFileReference; fileEncoding = 4; lastKnownFileType = sourcecode.c.objc; path = TRZXProjectDeatilCommentOfOneView.m; sourceTree = "<group>"; };
		6DD7E4CF1E6AE92100A45063 /* TRZXProjectDetailCommendTableViewCell.h */ = {isa = PBXFileReference; fileEncoding = 4; lastKnownFileType = sourcecode.c.h; path = TRZXProjectDetailCommendTableViewCell.h; sourceTree = "<group>"; };
		6DD7E4D01E6AE92100A45063 /* TRZXProjectDetailCommendTableViewCell.m */ = {isa = PBXFileReference; fileEncoding = 4; lastKnownFileType = sourcecode.c.objc; path = TRZXProjectDetailCommendTableViewCell.m; sourceTree = "<group>"; };
		B3EF3247441DFCB1250F6C3C /* Pods-TRZXProjectDetail.release.xcconfig */ = {isa = PBXFileReference; includeInIndex = 1; lastKnownFileType = text.xcconfig; name = "Pods-TRZXProjectDetail.release.xcconfig"; path = "Pods/Target Support Files/Pods-TRZXProjectDetail/Pods-TRZXProjectDetail.release.xcconfig"; sourceTree = "<group>"; };
		CB85A213CD1F84676FBA3061 /* Pods-TRZXProjectDetail.debug.xcconfig */ = {isa = PBXFileReference; includeInIndex = 1; lastKnownFileType = text.xcconfig; name = "Pods-TRZXProjectDetail.debug.xcconfig"; path = "Pods/Target Support Files/Pods-TRZXProjectDetail/Pods-TRZXProjectDetail.debug.xcconfig"; sourceTree = "<group>"; };
/* End PBXFileReference section */

/* Begin PBXFrameworksBuildPhase section */
		181D82E11E67D5F200D756AC /* Frameworks */ = {
			isa = PBXFrameworksBuildPhase;
			buildActionMask = 2147483647;
			files = (
				E84157524E9410D3848DBC29 /* libPods-TRZXProjectDetail.a in Frameworks */,
			);
			runOnlyForDeploymentPostprocessing = 0;
		};
		181D82FA1E67D5F200D756AC /* Frameworks */ = {
			isa = PBXFrameworksBuildPhase;
			buildActionMask = 2147483647;
			files = (
			);
			runOnlyForDeploymentPostprocessing = 0;
		};
		181D83051E67D5F200D756AC /* Frameworks */ = {
			isa = PBXFrameworksBuildPhase;
			buildActionMask = 2147483647;
			files = (
			);
			runOnlyForDeploymentPostprocessing = 0;
		};
/* End PBXFrameworksBuildPhase section */

/* Begin PBXGroup section */
		181D82DB1E67D5F200D756AC = {
			isa = PBXGroup;
			children = (
				181D82E61E67D5F200D756AC /* TRZXProjectDetail */,
				181D83001E67D5F200D756AC /* TRZXProjectDetailTests */,
				181D830B1E67D5F200D756AC /* TRZXProjectDetailUITests */,
				181D82E51E67D5F200D756AC /* Products */,
				6EB05E94BD1712FF17697AB7 /* Pods */,
				4C0B058CBE2CAF97D4B793F7 /* Frameworks */,
			);
			sourceTree = "<group>";
		};
		181D82E51E67D5F200D756AC /* Products */ = {
			isa = PBXGroup;
			children = (
				181D82E41E67D5F200D756AC /* TRZXProjectDetail.app */,
				181D82FD1E67D5F200D756AC /* TRZXProjectDetailTests.xctest */,
				181D83081E67D5F200D756AC /* TRZXProjectDetailUITests.xctest */,
			);
			name = Products;
			sourceTree = "<group>";
		};
		181D82E61E67D5F200D756AC /* TRZXProjectDetail */ = {
			isa = PBXGroup;
			children = (
				6D5999A51E67E50D00DCA317 /* TRZXProjectDetail */,
				181D82EA1E67D5F200D756AC /* AppDelegate.h */,
				181D82EB1E67D5F200D756AC /* AppDelegate.m */,
				181D82ED1E67D5F200D756AC /* ViewController.h */,
				181D82EE1E67D5F200D756AC /* ViewController.m */,
				181D82F01E67D5F200D756AC /* Main.storyboard */,
				181D82F31E67D5F200D756AC /* Assets.xcassets */,
				181D82F51E67D5F200D756AC /* LaunchScreen.storyboard */,
				181D82F81E67D5F200D756AC /* Info.plist */,
				181D82E71E67D5F200D756AC /* Supporting Files */,
			);
			path = TRZXProjectDetail;
			sourceTree = "<group>";
		};
		181D82E71E67D5F200D756AC /* Supporting Files */ = {
			isa = PBXGroup;
			children = (
				181D82E81E67D5F200D756AC /* main.m */,
			);
			name = "Supporting Files";
			sourceTree = "<group>";
		};
		181D83001E67D5F200D756AC /* TRZXProjectDetailTests */ = {
			isa = PBXGroup;
			children = (
				181D83011E67D5F200D756AC /* TRZXProjectDetailTests.m */,
				181D83031E67D5F200D756AC /* Info.plist */,
			);
			path = TRZXProjectDetailTests;
			sourceTree = "<group>";
		};
		181D830B1E67D5F200D756AC /* TRZXProjectDetailUITests */ = {
			isa = PBXGroup;
			children = (
				181D830C1E67D5F200D756AC /* TRZXProjectDetailUITests.m */,
				181D830E1E67D5F200D756AC /* Info.plist */,
			);
			path = TRZXProjectDetailUITests;
			sourceTree = "<group>";
		};
		4C0B058CBE2CAF97D4B793F7 /* Frameworks */ = {
			isa = PBXGroup;
			children = (
				68AD18CB5541FE9EE992CA94 /* libPods-TRZXProjectDetail.a */,
			);
			name = Frameworks;
			sourceTree = "<group>";
		};
		6D5999A51E67E50D00DCA317 /* TRZXProjectDetail */ = {
			isa = PBXGroup;
			children = (
				6D5999A71E67E50D00DCA317 /* Target_TRZXProjectDetail.h */,
				6D5999A81E67E50D00DCA317 /* Target_TRZXProjectDetail.m */,
				6D738DBA1E69033C00A20990 /* TRZXProjectDetailMacro.h */,
				6D5999A91E67E50D00DCA317 /* VeiwController */,
				6D5999AC1E67E50D00DCA317 /* View */,
				6D5999AD1E67E50D00DCA317 /* ViewModel */,
				6D5999A61E67E50D00DCA317 /* Model */,
				6D738D9A1E6834C900A20990 /* Resources */,
			);
			path = TRZXProjectDetail;
			sourceTree = "<group>";
		};
		6D5999A61E67E50D00DCA317 /* Model */ = {
			isa = PBXGroup;
			children = (
				6D738D8B1E67F67300A20990 /* TRZXProjectDetailModel.h */,
				6D738D8C1E67F67300A20990 /* TRZXProjectDetailModel.m */,
				6D738D8E1E67FD9400A20990 /* TRZXProjectDetailDataModel.h */,
				6D738D8F1E67FD9400A20990 /* TRZXProjectDetailDataModel.m */,
			);
			path = Model;
			sourceTree = "<group>";
		};
		6D5999A91E67E50D00DCA317 /* VeiwController */ = {
			isa = PBXGroup;
			children = (
				6D5999AA1E67E50D00DCA317 /* TRZXProjectDetailViewController.h */,
				6D5999AB1E67E50D00DCA317 /* TRZXProjectDetailViewController.m */,
				6DD7E4C61E6A37FE00A45063 /* TRZXCellConfig.h */,
				6DD7E4C71E6A37FE00A45063 /* TRZXCellConfig.m */,
			);
			path = VeiwController;
			sourceTree = "<group>";
		};
		6D5999AC1E67E50D00DCA317 /* View */ = {
			isa = PBXGroup;
			children = (
				6D738D971E68265700A20990 /* TRZXProjectDetailNavigationBar.h */,
				6D738D981E68265700A20990 /* TRZXProjectDetailNavigationBar.m */,
				6D738DB71E6901B900A20990 /* TRZXProjectDetailTableViewHeaderView.h */,
				6D738DB81E6901B900A20990 /* TRZXProjectDetailTableViewHeaderView.m */,
				6D738DC01E69276D00A20990 /* TRZXProjectDetailOnlyTextTableViewCell.h */,
				6D738DC11E69276D00A20990 /* TRZXProjectDetailOnlyTextTableViewCell.m */,
				6D738DC61E6948D800A20990 /* TRZXProjectDetailLeftTitleRightInfoTableViewCell.h */,
				6D738DC71E6948D800A20990 /* TRZXProjectDetailLeftTitleRightInfoTableViewCell.m */,
				6DD7E4BB1E69661300A45063 /* TRZXProjectDetailFinancingInfoTableViewCell.h */,
				6DD7E4BC1E69661300A45063 /* TRZXProjectDetailFinancingInfoTableViewCell.m */,
				6DD7E4C01E69778300A45063 /* TRZXProjectDetailProjectHistoryTableViewCell.h */,
				6DD7E4C11E69778300A45063 /* TRZXProjectDetailProjectHistoryTableViewCell.m */,
				6DD7E4C31E698B3000A45063 /* TRZXProjectDetailTeamTableViewCell.h */,
				6DD7E4C41E698B3000A45063 /* TRZXProjectDetailTeamTableViewCell.m */,
				6DD7E4C91E6A94EF00A45063 /* TRZXProjectDetailCommentTableViewCell.h */,
				6DD7E4CA1E6A94EF00A45063 /* TRZXProjectDetailCommentTableViewCell.m */,
				6DD7E4CC1E6AB54300A45063 /* TRZXProjectDeatilCommentOfOneView.h */,
				6DD7E4CD1E6AB54300A45063 /* TRZXProjectDeatilCommentOfOneView.m */,
				6DD7E4CF1E6AE92100A45063 /* TRZXProjectDetailCommendTableViewCell.h */,
				6DD7E4D01E6AE92100A45063 /* TRZXProjectDetailCommendTableViewCell.m */,
			);
			path = View;
			sourceTree = "<group>";
		};
		6D5999AD1E67E50D00DCA317 /* ViewModel */ = {
			isa = PBXGroup;
			children = (
				6D738DC31E692F9700A20990 /* TRZXProjectDetailViewModel.h */,
				6D738DC41E692F9700A20990 /* TRZXProjectDetailViewModel.m */,
			);
			path = ViewModel;
			sourceTree = "<group>";
		};
		6D738D9A1E6834C900A20990 /* Resources */ = {
			isa = PBXGroup;
			children = (
				6D738DBB1E69050E00A20990 /* testIcon_backGroundImage.png */,
				6DD7E4BE1E69771200A45063 /* Icon_ProjectDetail_ProjectHistory_RedDot.png */,
				6D738DB11E6879C000A20990 /* Icon_ProjectDetail_Collection_Selected.png */,
				6D738DB21E6879C000A20990 /* Icon_ProjectDetail_Collection_Normal_White.png */,
				6D738DB31E6879C000A20990 /* Icon_ProjectDetail_Collection_Normal_Gray.png */,
				6D738DA31E684BFC00A20990 /* Icon_ProjectDetail_Share_Selected.png */,
				6D738DA41E684BFC00A20990 /* Icon_ProjectDetail_Share_Normal.png */,
				6D738D9F1E68364400A20990 /* Icon_ProjectDetail_Back_Normal.png */,
				6D738DA01E68364400A20990 /* Icon_ProjectDetail_Back_Selected.png */,
			);
			path = Resources;
			sourceTree = "<group>";
		};
		6EB05E94BD1712FF17697AB7 /* Pods */ = {
			isa = PBXGroup;
			children = (
				CB85A213CD1F84676FBA3061 /* Pods-TRZXProjectDetail.debug.xcconfig */,
				B3EF3247441DFCB1250F6C3C /* Pods-TRZXProjectDetail.release.xcconfig */,
			);
			name = Pods;
			sourceTree = "<group>";
		};
/* End PBXGroup section */

/* Begin PBXNativeTarget section */
		181D82E31E67D5F200D756AC /* TRZXProjectDetail */ = {
			isa = PBXNativeTarget;
			buildConfigurationList = 181D83111E67D5F200D756AC /* Build configuration list for PBXNativeTarget "TRZXProjectDetail" */;
			buildPhases = (
				27174A2170225BB1D5CBFFCB /* [CP] Check Pods Manifest.lock */,
				181D82E01E67D5F200D756AC /* Sources */,
				181D82E11E67D5F200D756AC /* Frameworks */,
				181D82E21E67D5F200D756AC /* Resources */,
				EB1C39D0DA7286E8EB7ACA67 /* [CP] Embed Pods Frameworks */,
				80D6C3FFE1830BF5D6AB76CD /* [CP] Copy Pods Resources */,
			);
			buildRules = (
			);
			dependencies = (
			);
			name = TRZXProjectDetail;
			productName = TRZXProjectDetail;
			productReference = 181D82E41E67D5F200D756AC /* TRZXProjectDetail.app */;
			productType = "com.apple.product-type.application";
		};
		181D82FC1E67D5F200D756AC /* TRZXProjectDetailTests */ = {
			isa = PBXNativeTarget;
			buildConfigurationList = 181D83141E67D5F200D756AC /* Build configuration list for PBXNativeTarget "TRZXProjectDetailTests" */;
			buildPhases = (
				181D82F91E67D5F200D756AC /* Sources */,
				181D82FA1E67D5F200D756AC /* Frameworks */,
				181D82FB1E67D5F200D756AC /* Resources */,
			);
			buildRules = (
			);
			dependencies = (
				181D82FF1E67D5F200D756AC /* PBXTargetDependency */,
			);
			name = TRZXProjectDetailTests;
			productName = TRZXProjectDetailTests;
			productReference = 181D82FD1E67D5F200D756AC /* TRZXProjectDetailTests.xctest */;
			productType = "com.apple.product-type.bundle.unit-test";
		};
		181D83071E67D5F200D756AC /* TRZXProjectDetailUITests */ = {
			isa = PBXNativeTarget;
			buildConfigurationList = 181D83171E67D5F200D756AC /* Build configuration list for PBXNativeTarget "TRZXProjectDetailUITests" */;
			buildPhases = (
				181D83041E67D5F200D756AC /* Sources */,
				181D83051E67D5F200D756AC /* Frameworks */,
				181D83061E67D5F200D756AC /* Resources */,
			);
			buildRules = (
			);
			dependencies = (
				181D830A1E67D5F200D756AC /* PBXTargetDependency */,
			);
			name = TRZXProjectDetailUITests;
			productName = TRZXProjectDetailUITests;
			productReference = 181D83081E67D5F200D756AC /* TRZXProjectDetailUITests.xctest */;
			productType = "com.apple.product-type.bundle.ui-testing";
		};
/* End PBXNativeTarget section */

/* Begin PBXProject section */
		181D82DC1E67D5F200D756AC /* Project object */ = {
			isa = PBXProject;
			attributes = {
				CLASSPREFIX = TRZX;
				LastUpgradeCheck = 0820;
				ORGANIZATIONNAME = TRZX;
				TargetAttributes = {
					181D82E31E67D5F200D756AC = {
						CreatedOnToolsVersion = 8.2.1;
						DevelopmentTeam = 487PQPPTGA;
						ProvisioningStyle = Automatic;
					};
					181D82FC1E67D5F200D756AC = {
						CreatedOnToolsVersion = 8.2.1;
						DevelopmentTeam = 487PQPPTGA;
						ProvisioningStyle = Automatic;
						TestTargetID = 181D82E31E67D5F200D756AC;
					};
					181D83071E67D5F200D756AC = {
						CreatedOnToolsVersion = 8.2.1;
						DevelopmentTeam = 487PQPPTGA;
						ProvisioningStyle = Automatic;
						TestTargetID = 181D82E31E67D5F200D756AC;
					};
				};
			};
			buildConfigurationList = 181D82DF1E67D5F200D756AC /* Build configuration list for PBXProject "TRZXProjectDetail" */;
			compatibilityVersion = "Xcode 3.2";
			developmentRegion = English;
			hasScannedForEncodings = 0;
			knownRegions = (
				en,
				Base,
			);
			mainGroup = 181D82DB1E67D5F200D756AC;
			productRefGroup = 181D82E51E67D5F200D756AC /* Products */;
			projectDirPath = "";
			projectRoot = "";
			targets = (
				181D82E31E67D5F200D756AC /* TRZXProjectDetail */,
				181D82FC1E67D5F200D756AC /* TRZXProjectDetailTests */,
				181D83071E67D5F200D756AC /* TRZXProjectDetailUITests */,
			);
		};
/* End PBXProject section */

/* Begin PBXResourcesBuildPhase section */
		181D82E21E67D5F200D756AC /* Resources */ = {
			isa = PBXResourcesBuildPhase;
			buildActionMask = 2147483647;
			files = (
				6D738DB61E6879C000A20990 /* Icon_ProjectDetail_Collection_Normal_Gray.png in Resources */,
				6D738DA61E684BFC00A20990 /* Icon_ProjectDetail_Share_Normal.png in Resources */,
				6D738DBC1E69050E00A20990 /* testIcon_backGroundImage.png in Resources */,
				6D738DB51E6879C000A20990 /* Icon_ProjectDetail_Collection_Normal_White.png in Resources */,
				6D738DA11E68364400A20990 /* Icon_ProjectDetail_Back_Normal.png in Resources */,
				6D738DA51E684BFC00A20990 /* Icon_ProjectDetail_Share_Selected.png in Resources */,
				181D82F71E67D5F200D756AC /* LaunchScreen.storyboard in Resources */,
				181D82F41E67D5F200D756AC /* Assets.xcassets in Resources */,
				6D738DB41E6879C000A20990 /* Icon_ProjectDetail_Collection_Selected.png in Resources */,
				6DD7E4BF1E69771200A45063 /* Icon_ProjectDetail_ProjectHistory_RedDot.png in Resources */,
				6D738DA21E68364400A20990 /* Icon_ProjectDetail_Back_Selected.png in Resources */,
				181D82F21E67D5F200D756AC /* Main.storyboard in Resources */,
			);
			runOnlyForDeploymentPostprocessing = 0;
		};
		181D82FB1E67D5F200D756AC /* Resources */ = {
			isa = PBXResourcesBuildPhase;
			buildActionMask = 2147483647;
			files = (
			);
			runOnlyForDeploymentPostprocessing = 0;
		};
		181D83061E67D5F200D756AC /* Resources */ = {
			isa = PBXResourcesBuildPhase;
			buildActionMask = 2147483647;
			files = (
			);
			runOnlyForDeploymentPostprocessing = 0;
		};
/* End PBXResourcesBuildPhase section */

/* Begin PBXShellScriptBuildPhase section */
		27174A2170225BB1D5CBFFCB /* [CP] Check Pods Manifest.lock */ = {
			isa = PBXShellScriptBuildPhase;
			buildActionMask = 2147483647;
			files = (
			);
			inputPaths = (
			);
			name = "[CP] Check Pods Manifest.lock";
			outputPaths = (
			);
			runOnlyForDeploymentPostprocessing = 0;
			shellPath = /bin/sh;
			shellScript = "diff \"${PODS_ROOT}/../Podfile.lock\" \"${PODS_ROOT}/Manifest.lock\" > /dev/null\nif [ $? != 0 ] ; then\n    # print error to STDERR\n    echo \"error: The sandbox is not in sync with the Podfile.lock. Run 'pod install' or update your CocoaPods installation.\" >&2\n    exit 1\nfi\n";
			showEnvVarsInLog = 0;
		};
		80D6C3FFE1830BF5D6AB76CD /* [CP] Copy Pods Resources */ = {
			isa = PBXShellScriptBuildPhase;
			buildActionMask = 2147483647;
			files = (
			);
			inputPaths = (
			);
			name = "[CP] Copy Pods Resources";
			outputPaths = (
			);
			runOnlyForDeploymentPostprocessing = 0;
			shellPath = /bin/sh;
			shellScript = "\"${SRCROOT}/Pods/Target Support Files/Pods-TRZXProjectDetail/Pods-TRZXProjectDetail-resources.sh\"\n";
			showEnvVarsInLog = 0;
		};
		EB1C39D0DA7286E8EB7ACA67 /* [CP] Embed Pods Frameworks */ = {
			isa = PBXShellScriptBuildPhase;
			buildActionMask = 2147483647;
			files = (
			);
			inputPaths = (
			);
			name = "[CP] Embed Pods Frameworks";
			outputPaths = (
			);
			runOnlyForDeploymentPostprocessing = 0;
			shellPath = /bin/sh;
			shellScript = "\"${SRCROOT}/Pods/Target Support Files/Pods-TRZXProjectDetail/Pods-TRZXProjectDetail-frameworks.sh\"\n";
			showEnvVarsInLog = 0;
		};
/* End PBXShellScriptBuildPhase section */

/* Begin PBXSourcesBuildPhase section */
		181D82E01E67D5F200D756AC /* Sources */ = {
			isa = PBXSourcesBuildPhase;
			buildActionMask = 2147483647;
			files = (
				6D738D8D1E67F67300A20990 /* TRZXProjectDetailModel.m in Sources */,
				6DD7E4C21E69778300A45063 /* TRZXProjectDetailProjectHistoryTableViewCell.m in Sources */,
				6D5999AF1E67E50D00DCA317 /* TRZXProjectDetailViewController.m in Sources */,
				6DD7E4BD1E69661300A45063 /* TRZXProjectDetailFinancingInfoTableViewCell.m in Sources */,
				181D82EF1E67D5F200D756AC /* ViewController.m in Sources */,
				6D738DC21E69276D00A20990 /* TRZXProjectDetailOnlyTextTableViewCell.m in Sources */,
				6DD7E4CE1E6AB54300A45063 /* TRZXProjectDeatilCommentOfOneView.m in Sources */,
				6DD7E4C51E698B3000A45063 /* TRZXProjectDetailTeamTableViewCell.m in Sources */,
				6DD7E4D11E6AE92100A45063 /* TRZXProjectDetailCommendTableViewCell.m in Sources */,
				6D738D991E68265700A20990 /* TRZXProjectDetailNavigationBar.m in Sources */,
				6D5999AE1E67E50D00DCA317 /* Target_TRZXProjectDetail.m in Sources */,
				6DD7E4C81E6A37FE00A45063 /* TRZXCellConfig.m in Sources */,
				181D82EC1E67D5F200D756AC /* AppDelegate.m in Sources */,
				6D738DB91E6901B900A20990 /* TRZXProjectDetailTableViewHeaderView.m in Sources */,
				6D738D901E67FD9400A20990 /* TRZXProjectDetailDataModel.m in Sources */,
				6D738DC51E692F9700A20990 /* TRZXProjectDetailViewModel.m in Sources */,
				6D738DC81E6948D800A20990 /* TRZXProjectDetailLeftTitleRightInfoTableViewCell.m in Sources */,
				6DD7E4CB1E6A94EF00A45063 /* TRZXProjectDetailCommentTableViewCell.m in Sources */,
				181D82E91E67D5F200D756AC /* main.m in Sources */,
			);
			runOnlyForDeploymentPostprocessing = 0;
		};
		181D82F91E67D5F200D756AC /* Sources */ = {
			isa = PBXSourcesBuildPhase;
			buildActionMask = 2147483647;
			files = (
				181D83021E67D5F200D756AC /* TRZXProjectDetailTests.m in Sources */,
			);
			runOnlyForDeploymentPostprocessing = 0;
		};
		181D83041E67D5F200D756AC /* Sources */ = {
			isa = PBXSourcesBuildPhase;
			buildActionMask = 2147483647;
			files = (
				181D830D1E67D5F200D756AC /* TRZXProjectDetailUITests.m in Sources */,
			);
			runOnlyForDeploymentPostprocessing = 0;
		};
/* End PBXSourcesBuildPhase section */

/* Begin PBXTargetDependency section */
		181D82FF1E67D5F200D756AC /* PBXTargetDependency */ = {
			isa = PBXTargetDependency;
			target = 181D82E31E67D5F200D756AC /* TRZXProjectDetail */;
			targetProxy = 181D82FE1E67D5F200D756AC /* PBXContainerItemProxy */;
		};
		181D830A1E67D5F200D756AC /* PBXTargetDependency */ = {
			isa = PBXTargetDependency;
			target = 181D82E31E67D5F200D756AC /* TRZXProjectDetail */;
			targetProxy = 181D83091E67D5F200D756AC /* PBXContainerItemProxy */;
		};
/* End PBXTargetDependency section */

/* Begin PBXVariantGroup section */
		181D82F01E67D5F200D756AC /* Main.storyboard */ = {
			isa = PBXVariantGroup;
			children = (
				181D82F11E67D5F200D756AC /* Base */,
			);
			name = Main.storyboard;
			sourceTree = "<group>";
		};
		181D82F51E67D5F200D756AC /* LaunchScreen.storyboard */ = {
			isa = PBXVariantGroup;
			children = (
				181D82F61E67D5F200D756AC /* Base */,
			);
			name = LaunchScreen.storyboard;
			sourceTree = "<group>";
		};
/* End PBXVariantGroup section */

/* Begin XCBuildConfiguration section */
		181D830F1E67D5F200D756AC /* Debug */ = {
			isa = XCBuildConfiguration;
			buildSettings = {
				ALWAYS_SEARCH_USER_PATHS = NO;
				CLANG_ANALYZER_NONNULL = YES;
				CLANG_CXX_LANGUAGE_STANDARD = "gnu++0x";
				CLANG_CXX_LIBRARY = "libc++";
				CLANG_ENABLE_MODULES = YES;
				CLANG_ENABLE_OBJC_ARC = YES;
				CLANG_WARN_BOOL_CONVERSION = YES;
				CLANG_WARN_CONSTANT_CONVERSION = YES;
				CLANG_WARN_DIRECT_OBJC_ISA_USAGE = YES_ERROR;
				CLANG_WARN_DOCUMENTATION_COMMENTS = YES;
				CLANG_WARN_EMPTY_BODY = YES;
				CLANG_WARN_ENUM_CONVERSION = YES;
				CLANG_WARN_INFINITE_RECURSION = YES;
				CLANG_WARN_INT_CONVERSION = YES;
				CLANG_WARN_OBJC_ROOT_CLASS = YES_ERROR;
				CLANG_WARN_SUSPICIOUS_MOVE = YES;
				CLANG_WARN_UNREACHABLE_CODE = YES;
				CLANG_WARN__DUPLICATE_METHOD_MATCH = YES;
				"CODE_SIGN_IDENTITY[sdk=iphoneos*]" = "iPhone Developer";
				COPY_PHASE_STRIP = NO;
				DEBUG_INFORMATION_FORMAT = dwarf;
				ENABLE_STRICT_OBJC_MSGSEND = YES;
				ENABLE_TESTABILITY = YES;
				GCC_C_LANGUAGE_STANDARD = gnu99;
				GCC_DYNAMIC_NO_PIC = NO;
				GCC_NO_COMMON_BLOCKS = YES;
				GCC_OPTIMIZATION_LEVEL = 0;
				GCC_PREPROCESSOR_DEFINITIONS = (
					"DEBUG=1",
					"$(inherited)",
				);
				GCC_WARN_64_TO_32_BIT_CONVERSION = YES;
				GCC_WARN_ABOUT_RETURN_TYPE = YES_ERROR;
				GCC_WARN_UNDECLARED_SELECTOR = YES;
				GCC_WARN_UNINITIALIZED_AUTOS = YES_AGGRESSIVE;
				GCC_WARN_UNUSED_FUNCTION = YES;
				GCC_WARN_UNUSED_VARIABLE = YES;
				IPHONEOS_DEPLOYMENT_TARGET = 10.2;
				MTL_ENABLE_DEBUG_INFO = YES;
				ONLY_ACTIVE_ARCH = YES;
				SDKROOT = iphoneos;
			};
			name = Debug;
		};
		181D83101E67D5F200D756AC /* Release */ = {
			isa = XCBuildConfiguration;
			buildSettings = {
				ALWAYS_SEARCH_USER_PATHS = NO;
				CLANG_ANALYZER_NONNULL = YES;
				CLANG_CXX_LANGUAGE_STANDARD = "gnu++0x";
				CLANG_CXX_LIBRARY = "libc++";
				CLANG_ENABLE_MODULES = YES;
				CLANG_ENABLE_OBJC_ARC = YES;
				CLANG_WARN_BOOL_CONVERSION = YES;
				CLANG_WARN_CONSTANT_CONVERSION = YES;
				CLANG_WARN_DIRECT_OBJC_ISA_USAGE = YES_ERROR;
				CLANG_WARN_DOCUMENTATION_COMMENTS = YES;
				CLANG_WARN_EMPTY_BODY = YES;
				CLANG_WARN_ENUM_CONVERSION = YES;
				CLANG_WARN_INFINITE_RECURSION = YES;
				CLANG_WARN_INT_CONVERSION = YES;
				CLANG_WARN_OBJC_ROOT_CLASS = YES_ERROR;
				CLANG_WARN_SUSPICIOUS_MOVE = YES;
				CLANG_WARN_UNREACHABLE_CODE = YES;
				CLANG_WARN__DUPLICATE_METHOD_MATCH = YES;
				"CODE_SIGN_IDENTITY[sdk=iphoneos*]" = "iPhone Developer";
				COPY_PHASE_STRIP = NO;
				DEBUG_INFORMATION_FORMAT = "dwarf-with-dsym";
				ENABLE_NS_ASSERTIONS = NO;
				ENABLE_STRICT_OBJC_MSGSEND = YES;
				GCC_C_LANGUAGE_STANDARD = gnu99;
				GCC_NO_COMMON_BLOCKS = YES;
				GCC_WARN_64_TO_32_BIT_CONVERSION = YES;
				GCC_WARN_ABOUT_RETURN_TYPE = YES_ERROR;
				GCC_WARN_UNDECLARED_SELECTOR = YES;
				GCC_WARN_UNINITIALIZED_AUTOS = YES_AGGRESSIVE;
				GCC_WARN_UNUSED_FUNCTION = YES;
				GCC_WARN_UNUSED_VARIABLE = YES;
				IPHONEOS_DEPLOYMENT_TARGET = 10.2;
				MTL_ENABLE_DEBUG_INFO = NO;
				SDKROOT = iphoneos;
				VALIDATE_PRODUCT = YES;
			};
			name = Release;
		};
		181D83121E67D5F200D756AC /* Debug */ = {
			isa = XCBuildConfiguration;
			baseConfigurationReference = CB85A213CD1F84676FBA3061 /* Pods-TRZXProjectDetail.debug.xcconfig */;
			buildSettings = {
				ASSETCATALOG_COMPILER_APPICON_NAME = AppIcon;
				DEVELOPMENT_TEAM = 487PQPPTGA;
				INFOPLIST_FILE = TRZXProjectDetail/Info.plist;
				IPHONEOS_DEPLOYMENT_TARGET = 8.0;
				LD_RUNPATH_SEARCH_PATHS = "$(inherited) @executable_path/Frameworks";
				PRODUCT_BUNDLE_IDENTIFIER = com.mmwipo.TRZXProjectDetail;
				PRODUCT_NAME = "$(TARGET_NAME)";
			};
			name = Debug;
		};
		181D83131E67D5F200D756AC /* Release */ = {
			isa = XCBuildConfiguration;
			baseConfigurationReference = B3EF3247441DFCB1250F6C3C /* Pods-TRZXProjectDetail.release.xcconfig */;
			buildSettings = {
				ASSETCATALOG_COMPILER_APPICON_NAME = AppIcon;
				DEVELOPMENT_TEAM = 487PQPPTGA;
				INFOPLIST_FILE = TRZXProjectDetail/Info.plist;
				IPHONEOS_DEPLOYMENT_TARGET = 8.0;
				LD_RUNPATH_SEARCH_PATHS = "$(inherited) @executable_path/Frameworks";
				PRODUCT_BUNDLE_IDENTIFIER = com.mmwipo.TRZXProjectDetail;
				PRODUCT_NAME = "$(TARGET_NAME)";
			};
			name = Release;
		};
		181D83151E67D5F200D756AC /* Debug */ = {
			isa = XCBuildConfiguration;
			buildSettings = {
				BUNDLE_LOADER = "$(TEST_HOST)";
				DEVELOPMENT_TEAM = 487PQPPTGA;
				INFOPLIST_FILE = TRZXProjectDetailTests/Info.plist;
				LD_RUNPATH_SEARCH_PATHS = "$(inherited) @executable_path/Frameworks @loader_path/Frameworks";
				PRODUCT_BUNDLE_IDENTIFIER = com.mmwipo.TRZXProjectDetailTests;
				PRODUCT_NAME = "$(TARGET_NAME)";
				TEST_HOST = "$(BUILT_PRODUCTS_DIR)/TRZXProjectDetail.app/TRZXProjectDetail";
			};
			name = Debug;
		};
		181D83161E67D5F200D756AC /* Release */ = {
			isa = XCBuildConfiguration;
			buildSettings = {
				BUNDLE_LOADER = "$(TEST_HOST)";
				DEVELOPMENT_TEAM = 487PQPPTGA;
				INFOPLIST_FILE = TRZXProjectDetailTests/Info.plist;
				LD_RUNPATH_SEARCH_PATHS = "$(inherited) @executable_path/Frameworks @loader_path/Frameworks";
				PRODUCT_BUNDLE_IDENTIFIER = com.mmwipo.TRZXProjectDetailTests;
				PRODUCT_NAME = "$(TARGET_NAME)";
				TEST_HOST = "$(BUILT_PRODUCTS_DIR)/TRZXProjectDetail.app/TRZXProjectDetail";
			};
			name = Release;
		};
		181D83181E67D5F200D756AC /* Debug */ = {
			isa = XCBuildConfiguration;
			buildSettings = {
				DEVELOPMENT_TEAM = 487PQPPTGA;
				INFOPLIST_FILE = TRZXProjectDetailUITests/Info.plist;
				LD_RUNPATH_SEARCH_PATHS = "$(inherited) @executable_path/Frameworks @loader_path/Frameworks";
				PRODUCT_BUNDLE_IDENTIFIER = com.mmwipo.TRZXProjectDetailUITests;
				PRODUCT_NAME = "$(TARGET_NAME)";
				TEST_TARGET_NAME = TRZXProjectDetail;
			};
			name = Debug;
		};
		181D83191E67D5F200D756AC /* Release */ = {
			isa = XCBuildConfiguration;
			buildSettings = {
				DEVELOPMENT_TEAM = 487PQPPTGA;
				INFOPLIST_FILE = TRZXProjectDetailUITests/Info.plist;
				LD_RUNPATH_SEARCH_PATHS = "$(inherited) @executable_path/Frameworks @loader_path/Frameworks";
				PRODUCT_BUNDLE_IDENTIFIER = com.mmwipo.TRZXProjectDetailUITests;
				PRODUCT_NAME = "$(TARGET_NAME)";
				TEST_TARGET_NAME = TRZXProjectDetail;
			};
			name = Release;
		};
/* End XCBuildConfiguration section */

/* Begin XCConfigurationList section */
		181D82DF1E67D5F200D756AC /* Build configuration list for PBXProject "TRZXProjectDetail" */ = {
			isa = XCConfigurationList;
			buildConfigurations = (
				181D830F1E67D5F200D756AC /* Debug */,
				181D83101E67D5F200D756AC /* Release */,
			);
			defaultConfigurationIsVisible = 0;
			defaultConfigurationName = Release;
		};
		181D83111E67D5F200D756AC /* Build configuration list for PBXNativeTarget "TRZXProjectDetail" */ = {
			isa = XCConfigurationList;
			buildConfigurations = (
				181D83121E67D5F200D756AC /* Debug */,
				181D83131E67D5F200D756AC /* Release */,
			);
			defaultConfigurationIsVisible = 0;
			defaultConfigurationName = Release;
		};
		181D83141E67D5F200D756AC /* Build configuration list for PBXNativeTarget "TRZXProjectDetailTests" */ = {
			isa = XCConfigurationList;
			buildConfigurations = (
				181D83151E67D5F200D756AC /* Debug */,
				181D83161E67D5F200D756AC /* Release */,
			);
			defaultConfigurationIsVisible = 0;
			defaultConfigurationName = Release;
		};
		181D83171E67D5F200D756AC /* Build configuration list for PBXNativeTarget "TRZXProjectDetailUITests" */ = {
			isa = XCConfigurationList;
			buildConfigurations = (
				181D83181E67D5F200D756AC /* Debug */,
				181D83191E67D5F200D756AC /* Release */,
			);
			defaultConfigurationIsVisible = 0;
			defaultConfigurationName = Release;
		};
/* End XCConfigurationList section */
	};
	rootObject = 181D82DC1E67D5F200D756AC /* Project object */;
}
